hash: fa59f4d58d8e51c419dcce9c73828d66459751105c311c893157676144fe8154
updated: 2017-07-08T12:40:49.032081914-07:00
imports:
- name: github.com/gorilla/context
  version: 08b5f424b9271eedf6f9f0ce86cb9396ed337a42
- name: github.com/gorilla/mux
  version: bcd8bc72b08df0f70df986b97f95590779502d31
- name: github.com/jmoiron/sqlx
  version: d9bd385d68c068f1fabb5057e3dedcbcbb039d0f
- name: github.com/kelseyhightower/envconfig
  version: f611eb38b3875cc3bd991ca91c51d06446afa14c
- name: github.com/lib/pq
  version: 8837942c3e09574accbc5f150e2c5e057189cace
- name: github.com/stretchr/testify
  version: 69483b4bd14f5845b5a1e55bca19e954e827f1d0
  subpackages:
  - assert
  - require
- name: github.com/TV4/env
  version: 6163b4e5071ef5cecc75e2aa01072b7882109edb
testImports:
- name: github.com/b3ntly/twelvefactor_ping
  version: 1975dcd239402d40474f105d75f1c2f17d16cb77
  subpackages:
  - ping
- name: github.com/davecgh/go-spew
  version: 6d212800a42e8ab5c146b8ace3490ee17e5225f9
  subpackages:
  - spew
- name: github.com/pmezard/go-difflib
  version: d8ed2627bdf02c080bf22230dbb337003b7aba2d
  subpackages:
  - difflib
